# This file is generated by running "yarn install" inside your project.
# Manual changes might be lost - proceed with caution!

__metadata:
  version: 8
  cacheKey: 10c0

"@cfworker/json-schema@npm:^4.0.2":
  version: 4.1.1
  resolution: "@cfworker/json-schema@npm:4.1.1"
  checksum: 10c0/b5253486d346b7de6feec9c73954f612b11019dacb9023d710a5666df2f5fc145dd88b6b913c88726c6d97e2e258a515fa2cab177f58b18da6bac3738cbc4739
  languageName: node
  linkType: hard

"@langchain/core@npm:^0.3.77":
  version: 0.3.77
  resolution: "@langchain/core@npm:0.3.77"
  dependencies:
    "@cfworker/json-schema": "npm:^4.0.2"
    ansi-styles: "npm:^5.0.0"
    camelcase: "npm:6"
    decamelize: "npm:1.2.0"
    js-tiktoken: "npm:^1.0.12"
    langsmith: "npm:^0.3.67"
    mustache: "npm:^4.2.0"
    p-queue: "npm:^6.6.2"
    p-retry: "npm:4"
    uuid: "npm:^10.0.0"
    zod: "npm:^3.25.32"
    zod-to-json-schema: "npm:^3.22.3"
  checksum: 10c0/37ae6b6828f5ec6e2542236513c139425f416b2086ab5065b84766fc8d8cd8b37900982bbd0c017a6b778d8aaf6076e26e984a5fd30cf9bf8f72dea9bb265167
  languageName: node
  linkType: hard

"@langchain/openai@npm:>=0.1.0 <0.7.0":
  version: 0.6.13
  resolution: "@langchain/openai@npm:0.6.13"
  dependencies:
    js-tiktoken: "npm:^1.0.12"
    openai: "npm:5.12.2"
    zod: "npm:^3.25.32"
  peerDependencies:
    "@langchain/core": ">=0.3.68 <0.4.0"
  checksum: 10c0/0dd0d48505330a01e1f7f28400e86cdff1cd52a5ad47f5424cff46f0e9123641f6809662ce96a75f5ac7e77a1d7b5e1129a0c51fee394f065e3580ef4cf6498c
  languageName: node
  linkType: hard

"@langchain/textsplitters@npm:>=0.0.0 <0.2.0":
  version: 0.1.0
  resolution: "@langchain/textsplitters@npm:0.1.0"
  dependencies:
    js-tiktoken: "npm:^1.0.12"
  peerDependencies:
    "@langchain/core": ">=0.2.21 <0.4.0"
  checksum: 10c0/c1b11a8e4d56a1e7e685b9b655c77b889d822d8cb303c3ba4b740d96ac60752292e057bd3a717909db83906b4b7cb5d6cdb77f3dc3fa88f6bb9153a8c686aec1
  languageName: node
  linkType: hard

"@types/retry@npm:0.12.0":
  version: 0.12.0
  resolution: "@types/retry@npm:0.12.0"
  checksum: 10c0/7c5c9086369826f569b83a4683661557cab1361bac0897a1cefa1a915ff739acd10ca0d62b01071046fe3f5a3f7f2aec80785fe283b75602dc6726781ea3e328
  languageName: node
  linkType: hard

"@types/uuid@npm:^10.0.0":
  version: 10.0.0
  resolution: "@types/uuid@npm:10.0.0"
  checksum: 10c0/9a1404bf287164481cb9b97f6bb638f78f955be57c40c6513b7655160beb29df6f84c915aaf4089a1559c216557dc4d2f79b48d978742d3ae10b937420ddac60
  languageName: node
  linkType: hard

"ansi-styles@npm:^4.1.0":
  version: 4.3.0
  resolution: "ansi-styles@npm:4.3.0"
  dependencies:
    color-convert: "npm:^2.0.1"
  checksum: 10c0/895a23929da416f2bd3de7e9cb4eabd340949328ab85ddd6e484a637d8f6820d485f53933446f5291c3b760cbc488beb8e88573dd0f9c7daf83dccc8fe81b041
  languageName: node
  linkType: hard

"ansi-styles@npm:^5.0.0":
  version: 5.2.0
  resolution: "ansi-styles@npm:5.2.0"
  checksum: 10c0/9c4ca80eb3c2fb7b33841c210d2f20807f40865d27008d7c3f707b7f95cab7d67462a565e2388ac3285b71cb3d9bb2173de8da37c57692a362885ec34d6e27df
  languageName: node
  linkType: hard

"argparse@npm:^2.0.1":
  version: 2.0.1
  resolution: "argparse@npm:2.0.1"
  checksum: 10c0/c5640c2d89045371c7cedd6a70212a04e360fd34d6edeae32f6952c63949e3525ea77dbec0289d8213a99bbaeab5abfa860b5c12cf88a2e6cf8106e90dd27a7e
  languageName: node
  linkType: hard

"base64-js@npm:^1.5.1":
  version: 1.5.1
  resolution: "base64-js@npm:1.5.1"
  checksum: 10c0/f23823513b63173a001030fae4f2dabe283b99a9d324ade3ad3d148e218134676f1ee8568c877cd79ec1c53158dcf2d2ba527a97c606618928ba99dd930102bf
  languageName: node
  linkType: hard

"camelcase@npm:6":
  version: 6.3.0
  resolution: "camelcase@npm:6.3.0"
  checksum: 10c0/0d701658219bd3116d12da3eab31acddb3f9440790c0792e0d398f0a520a6a4058018e546862b6fba89d7ae990efaeb97da71e1913e9ebf5a8b5621a3d55c710
  languageName: node
  linkType: hard

"chalk@npm:^4.1.2":
  version: 4.1.2
  resolution: "chalk@npm:4.1.2"
  dependencies:
    ansi-styles: "npm:^4.1.0"
    supports-color: "npm:^7.1.0"
  checksum: 10c0/4a3fef5cc34975c898ffe77141450f679721df9dde00f6c304353fa9c8b571929123b26a0e4617bde5018977eb655b31970c297b91b63ee83bb82aeb04666880
  languageName: node
  linkType: hard

"color-convert@npm:^2.0.1":
  version: 2.0.1
  resolution: "color-convert@npm:2.0.1"
  dependencies:
    color-name: "npm:~1.1.4"
  checksum: 10c0/37e1150172f2e311fe1b2df62c6293a342ee7380da7b9cfdba67ea539909afbd74da27033208d01d6d5cfc65ee7868a22e18d7e7648e004425441c0f8a15a7d7
  languageName: node
  linkType: hard

"color-name@npm:~1.1.4":
  version: 1.1.4
  resolution: "color-name@npm:1.1.4"
  checksum: 10c0/a1a3f914156960902f46f7f56bc62effc6c94e84b2cae157a526b1c1f74b677a47ec602bf68a61abfa2b42d15b7c5651c6dbe72a43af720bc588dff885b10f95
  languageName: node
  linkType: hard

"console-table-printer@npm:^2.12.1":
  version: 2.14.6
  resolution: "console-table-printer@npm:2.14.6"
  dependencies:
    simple-wcswidth: "npm:^1.0.1"
  checksum: 10c0/af4f7f18d2a70130ea9fd76ffd9c56351329665fe3bec96cfab26d71dd2de6b983b09ec163c9346c72fa6fb7fdce350e09ee132b1c89db83ac50b23742cdb10f
  languageName: node
  linkType: hard

"decamelize@npm:1.2.0":
  version: 1.2.0
  resolution: "decamelize@npm:1.2.0"
  checksum: 10c0/85c39fe8fbf0482d4a1e224ef0119db5c1897f8503bcef8b826adff7a1b11414972f6fef2d7dec2ee0b4be3863cf64ac1439137ae9e6af23a3d8dcbe26a5b4b2
  languageName: node
  linkType: hard

"eventemitter3@npm:^4.0.4":
  version: 4.0.7
  resolution: "eventemitter3@npm:4.0.7"
  checksum: 10c0/5f6d97cbcbac47be798e6355e3a7639a84ee1f7d9b199a07017f1d2f1e2fe236004d14fa5dfaeba661f94ea57805385e326236a6debbc7145c8877fbc0297c6b
  languageName: node
  linkType: hard

"has-flag@npm:^4.0.0":
  version: 4.0.0
  resolution: "has-flag@npm:4.0.0"
  checksum: 10c0/2e789c61b7888d66993e14e8331449e525ef42aac53c627cc53d1c3334e768bcb6abdc4f5f0de1478a25beec6f0bd62c7549058b7ac53e924040d4f301f02fd1
  languageName: node
  linkType: hard

"js-tiktoken@npm:^1.0.12":
  version: 1.0.21
  resolution: "js-tiktoken@npm:1.0.21"
  dependencies:
    base64-js: "npm:^1.5.1"
  checksum: 10c0/49a0b1e8915d271b84b5c2217fcab37de3124cfbba7e9901d3d9afb1acdd931f0ff7025ed94587dd1b59ae5c04cc19949c2869823854ee7f2f3f81678db276f3
  languageName: node
  linkType: hard

"js-yaml@npm:^4.1.0":
  version: 4.1.0
  resolution: "js-yaml@npm:4.1.0"
  dependencies:
    argparse: "npm:^2.0.1"
  bin:
    js-yaml: bin/js-yaml.js
  checksum: 10c0/184a24b4eaacfce40ad9074c64fd42ac83cf74d8c8cd137718d456ced75051229e5061b8633c3366b8aada17945a7a356b337828c19da92b51ae62126575018f
  languageName: node
  linkType: hard

"jsonpointer@npm:^5.0.1":
  version: 5.0.1
  resolution: "jsonpointer@npm:5.0.1"
  checksum: 10c0/89929e58b400fcb96928c0504fcf4fc3f919d81e9543ceb055df125538470ee25290bb4984251e172e6ef8fcc55761eb998c118da763a82051ad89d4cb073fe7
  languageName: node
  linkType: hard

"langchain@npm:^0.3.34":
  version: 0.3.34
  resolution: "langchain@npm:0.3.34"
  dependencies:
    "@langchain/openai": "npm:>=0.1.0 <0.7.0"
    "@langchain/textsplitters": "npm:>=0.0.0 <0.2.0"
    js-tiktoken: "npm:^1.0.12"
    js-yaml: "npm:^4.1.0"
    jsonpointer: "npm:^5.0.1"
    langsmith: "npm:^0.3.67"
    openapi-types: "npm:^12.1.3"
    p-retry: "npm:4"
    uuid: "npm:^10.0.0"
    yaml: "npm:^2.2.1"
    zod: "npm:^3.25.32"
  peerDependencies:
    "@langchain/anthropic": "*"
    "@langchain/aws": "*"
    "@langchain/cerebras": "*"
    "@langchain/cohere": "*"
    "@langchain/core": ">=0.3.58 <0.4.0"
    "@langchain/deepseek": "*"
    "@langchain/google-genai": "*"
    "@langchain/google-vertexai": "*"
    "@langchain/google-vertexai-web": "*"
    "@langchain/groq": "*"
    "@langchain/mistralai": "*"
    "@langchain/ollama": "*"
    "@langchain/xai": "*"
    axios: "*"
    cheerio: "*"
    handlebars: ^4.7.8
    peggy: ^3.0.2
    typeorm: "*"
  peerDependenciesMeta:
    "@langchain/anthropic":
      optional: true
    "@langchain/aws":
      optional: true
    "@langchain/cerebras":
      optional: true
    "@langchain/cohere":
      optional: true
    "@langchain/deepseek":
      optional: true
    "@langchain/google-genai":
      optional: true
    "@langchain/google-vertexai":
      optional: true
    "@langchain/google-vertexai-web":
      optional: true
    "@langchain/groq":
      optional: true
    "@langchain/mistralai":
      optional: true
    "@langchain/ollama":
      optional: true
    "@langchain/xai":
      optional: true
    axios:
      optional: true
    cheerio:
      optional: true
    handlebars:
      optional: true
    peggy:
      optional: true
    typeorm:
      optional: true
  checksum: 10c0/b03778563cafd260393cf8cdf3f239043fa469a34cba287d19f2ae0f8aff306ba02dd3e4e5a7f9a56ea754186208de1d3ddff83963a85033d6f0d9d0ab2df9c5
  languageName: node
  linkType: hard

"langsmith@npm:^0.3.67":
  version: 0.3.69
  resolution: "langsmith@npm:0.3.69"
  dependencies:
    "@types/uuid": "npm:^10.0.0"
    chalk: "npm:^4.1.2"
    console-table-printer: "npm:^2.12.1"
    p-queue: "npm:^6.6.2"
    p-retry: "npm:4"
    semver: "npm:^7.6.3"
    uuid: "npm:^10.0.0"
  peerDependencies:
    "@opentelemetry/api": "*"
    "@opentelemetry/exporter-trace-otlp-proto": "*"
    "@opentelemetry/sdk-trace-base": "*"
    openai: "*"
  peerDependenciesMeta:
    "@opentelemetry/api":
      optional: true
    "@opentelemetry/exporter-trace-otlp-proto":
      optional: true
    "@opentelemetry/sdk-trace-base":
      optional: true
    openai:
      optional: true
  checksum: 10c0/141bb48e9a3cef8279c746594f4c005993f77a2efcced6f84df0f47083b202fb534800703dc11c33fd742782dd02b4802bbf3fe78134f7a174448bb7929aaba5
  languageName: node
  linkType: hard

"mustache@npm:^4.2.0":
  version: 4.2.0
  resolution: "mustache@npm:4.2.0"
  bin:
    mustache: bin/mustache
  checksum: 10c0/1f8197e8a19e63645a786581d58c41df7853da26702dbc005193e2437c98ca49b255345c173d50c08fe4b4dbb363e53cb655ecc570791f8deb09887248dd34a2
  languageName: node
  linkType: hard

"openai@npm:5.12.2":
  version: 5.12.2
  resolution: "openai@npm:5.12.2"
  peerDependencies:
    ws: ^8.18.0
    zod: ^3.23.8
  peerDependenciesMeta:
    ws:
      optional: true
    zod:
      optional: true
  bin:
    openai: bin/cli
  checksum: 10c0/7737b9b24edc81fcf9e6dcfb18a196cc0f8e29b6e839adf06a2538558c03908e3aa4cd94901b1a7f4a9dd62676fe9e34d6202281b2395090d998618ea1614c0c
  languageName: node
  linkType: hard

"openapi-types@npm:^12.1.3":
  version: 12.1.3
  resolution: "openapi-types@npm:12.1.3"
  checksum: 10c0/4ad4eb91ea834c237edfa6ab31394e87e00c888fc2918009763389c00d02342345195d6f302d61c3fd807f17723cd48df29b47b538b68375b3827b3758cd520f
  languageName: node
  linkType: hard

"osrs-agents@workspace:.":
  version: 0.0.0-use.local
  resolution: "osrs-agents@workspace:."
  dependencies:
    "@langchain/core": "npm:^0.3.77"
    langchain: "npm:^0.3.34"
  languageName: unknown
  linkType: soft

"p-finally@npm:^1.0.0":
  version: 1.0.0
  resolution: "p-finally@npm:1.0.0"
  checksum: 10c0/6b8552339a71fe7bd424d01d8451eea92d379a711fc62f6b2fe64cad8a472c7259a236c9a22b4733abca0b5666ad503cb497792a0478c5af31ded793d00937e7
  languageName: node
  linkType: hard

"p-queue@npm:^6.6.2":
  version: 6.6.2
  resolution: "p-queue@npm:6.6.2"
  dependencies:
    eventemitter3: "npm:^4.0.4"
    p-timeout: "npm:^3.2.0"
  checksum: 10c0/5739ecf5806bbeadf8e463793d5e3004d08bb3f6177bd1a44a005da8fd81bb90f80e4633e1fb6f1dfd35ee663a5c0229abe26aebb36f547ad5a858347c7b0d3e
  languageName: node
  linkType: hard

"p-retry@npm:4":
  version: 4.6.2
  resolution: "p-retry@npm:4.6.2"
  dependencies:
    "@types/retry": "npm:0.12.0"
    retry: "npm:^0.13.1"
  checksum: 10c0/d58512f120f1590cfedb4c2e0c42cb3fa66f3cea8a4646632fcb834c56055bb7a6f138aa57b20cc236fb207c9d694e362e0b5c2b14d9b062f67e8925580c73b0
  languageName: node
  linkType: hard

"p-timeout@npm:^3.2.0":
  version: 3.2.0
  resolution: "p-timeout@npm:3.2.0"
  dependencies:
    p-finally: "npm:^1.0.0"
  checksum: 10c0/524b393711a6ba8e1d48137c5924749f29c93d70b671e6db761afa784726572ca06149c715632da8f70c090073afb2af1c05730303f915604fd38ee207b70a61
  languageName: node
  linkType: hard

"retry@npm:^0.13.1":
  version: 0.13.1
  resolution: "retry@npm:0.13.1"
  checksum: 10c0/9ae822ee19db2163497e074ea919780b1efa00431d197c7afdb950e42bf109196774b92a49fc9821f0b8b328a98eea6017410bfc5e8a0fc19c85c6d11adb3772
  languageName: node
  linkType: hard

"semver@npm:^7.6.3":
  version: 7.7.2
  resolution: "semver@npm:7.7.2"
  bin:
    semver: bin/semver.js
  checksum: 10c0/aca305edfbf2383c22571cb7714f48cadc7ac95371b4b52362fb8eeffdfbc0de0669368b82b2b15978f8848f01d7114da65697e56cd8c37b0dab8c58e543f9ea
  languageName: node
  linkType: hard

"simple-wcswidth@npm:^1.0.1":
  version: 1.1.2
  resolution: "simple-wcswidth@npm:1.1.2"
  checksum: 10c0/0db23ffef39d81a018a2354d64db1d08a44123c54263e48173992c61d808aaa8b58e5651d424e8c275589671f35e9094ac6fa2bbf2c98771b1bae9e007e611dd
  languageName: node
  linkType: hard

"supports-color@npm:^7.1.0":
  version: 7.2.0
  resolution: "supports-color@npm:7.2.0"
  dependencies:
    has-flag: "npm:^4.0.0"
  checksum: 10c0/afb4c88521b8b136b5f5f95160c98dee7243dc79d5432db7efc27efb219385bbc7d9427398e43dd6cc730a0f87d5085ce1652af7efbe391327bc0a7d0f7fc124
  languageName: node
  linkType: hard

"uuid@npm:^10.0.0":
  version: 10.0.0
  resolution: "uuid@npm:10.0.0"
  bin:
    uuid: dist/bin/uuid
  checksum: 10c0/eab18c27fe4ab9fb9709a5d5f40119b45f2ec8314f8d4cf12ce27e4c6f4ffa4a6321dc7db6c515068fa373c075b49691ba969f0010bf37f44c37ca40cd6bf7fe
  languageName: node
  linkType: hard

"yaml@npm:^2.2.1":
  version: 2.8.1
  resolution: "yaml@npm:2.8.1"
  bin:
    yaml: bin.mjs
  checksum: 10c0/7c587be00d9303d2ae1566e03bc5bc7fe978ba0d9bf39cc418c3139d37929dfcb93a230d9749f2cb578b6aa5d9ebebc322415e4b653cb83acd8bc0bc321707f3
  languageName: node
  linkType: hard

"zod-to-json-schema@npm:^3.22.3":
  version: 3.24.6
  resolution: "zod-to-json-schema@npm:3.24.6"
  peerDependencies:
    zod: ^3.24.1
  checksum: 10c0/b907ab6d057100bd25a37e5545bf5f0efa5902cd84d3c3ec05c2e51541431a47bd9bf1e5e151a244273409b45f5986d55b26e5d207f98abc5200702f733eb368
  languageName: node
  linkType: hard

"zod@npm:^3.25.32":
  version: 3.25.76
  resolution: "zod@npm:3.25.76"
  checksum: 10c0/5718ec35e3c40b600316c5b4c5e4976f7fee68151bc8f8d90ec18a469be9571f072e1bbaace10f1e85cf8892ea12d90821b200e980ab46916a6166a4260a983c
  languageName: node
  linkType: hard
